
Microsoft Visual Studio Solution File, Format Version 12.00
# Visual Studio Version 16
VisualStudioVersion = 16.0.29102.190
MinimumVisualStudioVersion = 10.0.40219.1
Project("{FAE04EC0-301F-11D3-BF4B-00C04F79EFBC}") = "TVSeriesApp", "TVSeriesApp\TVSeriesApp.csproj", "{D1BA5E89-8A78-4986-803C-F8183801AF9C}"
EndProject
Global
	GlobalSection(SolutionConfigurationPlatforms) = preSolution
		Debug|Any CPU = Debug|Any CPU
		Release|Any CPU = Release|Any CPU
	EndGlobalSection
	GlobalSection(ProjectConfigurationPlatforms) = postSolution
		{D1BA5E89-8A78-4986-803C-F8183801AF9C}.Debug|Any CPU.ActiveCfg = Debug|Any CPU
		{D1BA5E89-8A78-4986-803C-F8183801AF9C}.Debug|Any CPU.Build.0 = Debug|Any CPU
		{D1BA5E89-8A78-4986-803C-F8183801AF9C}.Release|Any CPU.ActiveCfg = Release|Any CPU
		{D1BA5E89-8A78-4986-803C-F8183801AF9C}.Release|Any CPU.Build.0 = Release|Any CPU
	EndGlobalSection
	GlobalSection(SolutionProperties) = preSolution
		HideSolutionNode = FALSE
	EndGlobalSection
	GlobalSection(ExtensibilityGlobals) = postSolution
		SolutionGuid = {55783E9F-A193-45EA-9AC9-8257F4B30C6D}
	EndGlobalSection
EndGlobal
